{
    "_meta": {
        "hash": {
            "sha256": "a749b1db68b42c25db65dbe5ca8644d0da375757c39efd7e3a36a795a1e73b7a"
        },
        "pipfile-spec": 6,
        "requires": {
            "python_version": "3.13"
        },
        "sources": [
            {
                "name": "pypi",
                "url": "https://pypi.org/simple",
                "verify_ssl": true
            }
        ]
    },
    "default": {
        "chess": {
            "hashes": [
                "sha256:a8b43e5678fdb3000695bdaa573117ad683761e5ca38e591c4826eba6d25bb39"
            ],
            "markers": "python_version >= '3.8'",
            "version": "==1.11.2"
        },
        "python-chess": {
            "hashes": [
                "sha256:8cad0388c42242d890ac6368ad64def15cd0165db033df0ad479492e266e5e6c",
                "sha256:93b562f8f1124cb7bf56fb095e18743758e69dc6a028ccda0badcaa5c59d88c8"
            ],
            "index": "pypi",
            "version": "==1.999"
        }
    },
    "develop": {}
}
